
Microsoft Visual Studio Solution File, Format Version 12.00
# Visual Studio 15
VisualStudioVersion = 15.0.28010.2050
MinimumVisualStudioVersion = 10.0.40219.1
Project("{FAE04EC0-301F-11D3-BF4B-00C04F79EFBC}") = "WebApplication1", "WebApplication1\WebApplication1.csproj", "{3BAA9F67-CFF4-4309-9466-5CD70EAAB5B3}"
EndProject
Global
	GlobalSection(SolutionConfigurationPlatforms) = preSolution
		Debug|Any CPU = Debug|Any CPU
		Release|Any CPU = Release|Any CPU
	EndGlobalSection
	GlobalSection(ProjectConfigurationPlatforms) = postSolution
		{3BAA9F67-CFF4-4309-9466-5CD70EAAB5B3}.Debug|Any CPU.ActiveCfg = Debug|Any CPU
		{3BAA9F67-CFF4-4309-9466-5CD70EAAB5B3}.Debug|Any CPU.Build.0 = Debug|Any CPU
		{3BAA9F67-CFF4-4309-9466-5CD70EAAB5B3}.Release|Any CPU.ActiveCfg = Release|Any CPU
		{3BAA9F67-CFF4-4309-9466-5CD70EAAB5B3}.Release|Any CPU.Build.0 = Release|Any CPU
	EndGlobalSection
	GlobalSection(SolutionProperties) = preSolution
		HideSolutionNode = FALSE
	EndGlobalSection
	GlobalSection(ExtensibilityGlobals) = postSolution
		SolutionGuid = {8FAD2BA8-4744-48AB-9354-9CE469612640}
	EndGlobalSection
EndGlobal
